
Microsoft Visual Studio Solution File, Format Version 12.00
# Visual Studio Version 17
VisualStudioVersion = 17.2.32630.192
MinimumVisualStudioVersion = 10.0.40219.1
Project("{FAE04EC0-301F-11D3-BF4B-00C04F79EFBC}") = "Culinu.Backend", "Culinu.Backend\Culinu.Backend.csproj", "{13C5D924-6A7C-4693-8491-54043BBDA312}"
EndProject
Global
	GlobalSection(SolutionConfigurationPlatforms) = preSolution
		Debug|Any CPU = Debug|Any CPU
		Release|Any CPU = Release|Any CPU
	EndGlobalSection
	GlobalSection(ProjectConfigurationPlatforms) = postSolution
		{13C5D924-6A7C-4693-8491-54043BBDA312}.Debug|Any CPU.ActiveCfg = Debug|Any CPU
		{13C5D924-6A7C-4693-8491-54043BBDA312}.Debug|Any CPU.Build.0 = Debug|Any CPU
		{13C5D924-6A7C-4693-8491-54043BBDA312}.Release|Any CPU.ActiveCfg = Release|Any CPU
		{13C5D924-6A7C-4693-8491-54043BBDA312}.Release|Any CPU.Build.0 = Release|Any CPU
	EndGlobalSection
	GlobalSection(SolutionProperties) = preSolution
		HideSolutionNode = FALSE
	EndGlobalSection
	GlobalSection(ExtensibilityGlobals) = postSolution
		SolutionGuid = {C817BF2A-0CD2-43FF-B070-FB8C773A2BFD}
	EndGlobalSection
EndGlobal
